
Microsoft Visual Studio Solution File, Format Version 12.00
# Visual Studio 14
VisualStudioVersion = 14.0.25123.0
MinimumVisualStudioVersion = 10.0.40219.1
Project("{FAE04EC0-301F-11D3-BF4B-00C04F79EFBC}") = "Tagging", "Tagging\Tagging.csproj", "{789FF6E6-70FB-46C8-8A24-62A834545806}"
EndProject
Project("{2150E333-8FDC-42A3-9474-1A3956D46DE8}") = "External DLLs", "External DLLs", "{E51EDAE2-997E-4835-9D86-540892E86DFF}"
	ProjectSection(SolutionItems) = preProject
		External DLLs\jsmin.exe = External DLLs\jsmin.exe
		External DLLs\minify.bat = External DLLs\minify.bat
		External DLLs\SeriousBit.Licensing.dll = External DLLs\SeriousBit.Licensing.dll
	EndProjectSection
EndProject
Project("{FAE04EC0-301F-11D3-BF4B-00C04F79EFBC}") = "Plugins", "Plugins\Plugins.csproj", "{E448271D-9E59-4E33-9599-3FCE96370106}"
EndProject
Global
	GlobalSection(SolutionConfigurationPlatforms) = preSolution
		Debug|Any CPU = Debug|Any CPU
		Release|Any CPU = Release|Any CPU
	EndGlobalSection
	GlobalSection(ProjectConfigurationPlatforms) = postSolution
		{789FF6E6-70FB-46C8-8A24-62A834545806}.Debug|Any CPU.ActiveCfg = Debug|Any CPU
		{789FF6E6-70FB-46C8-8A24-62A834545806}.Debug|Any CPU.Build.0 = Debug|Any CPU
		{789FF6E6-70FB-46C8-8A24-62A834545806}.Release|Any CPU.ActiveCfg = Release|Any CPU
		{789FF6E6-70FB-46C8-8A24-62A834545806}.Release|Any CPU.Build.0 = Release|Any CPU
		{E448271D-9E59-4E33-9599-3FCE96370106}.Debug|Any CPU.ActiveCfg = Debug|Any CPU
		{E448271D-9E59-4E33-9599-3FCE96370106}.Debug|Any CPU.Build.0 = Debug|Any CPU
		{E448271D-9E59-4E33-9599-3FCE96370106}.Release|Any CPU.ActiveCfg = Release|Any CPU
		{E448271D-9E59-4E33-9599-3FCE96370106}.Release|Any CPU.Build.0 = Release|Any CPU
	EndGlobalSection
	GlobalSection(SolutionProperties) = preSolution
		HideSolutionNode = FALSE
	EndGlobalSection
	GlobalSection(TeamFoundationVersionControl) = preSolution
		SccNumberOfProjects = 3
		SccEnterpriseProvider = {4CA58AB2-18FA-4F8D-95D4-32DDF27D184C}
		SccTeamFoundationServer = https://xrmconsultancy.visualstudio.com/
		SccLocalPath0 = .
		SccProjectUniqueName1 = Tagging\\Tagging.csproj
		SccProjectName1 = Tagging
		SccLocalPath1 = Tagging
		SccProjectUniqueName2 = Plugins\\Plugins.csproj
		SccProjectName2 = Plugins
		SccLocalPath2 = Plugins
	EndGlobalSection
	GlobalSection(CRMSolutionProperties) = preSolution
		SolutionIsBoundToCRM = True
	EndGlobalSection
EndGlobal
